// !$*UTF8*$!
{
	archiveVersion = 1;
	classes = {
	};
	objectVersion = 50;
	objects = {

/* Begin PBXBuildFile section */
		BB93E46822C588B800FED84A /* AppDelegate.swift in Sources */ = {isa = PBXBuildFile; fileRef = BB93E46722C588B800FED84A /* AppDelegate.swift */; };
		BB93E46A22C588B800FED84A /* GameScene.sks in Resources */ = {isa = PBXBuildFile; fileRef = BB93E46922C588B800FED84A /* GameScene.sks */; };
		BB93E46C22C588B800FED84A /* Actions.sks in Resources */ = {isa = PBXBuildFile; fileRef = BB93E46B22C588B800FED84A /* Actions.sks */; };
		BB93E46E22C588B800FED84A /* GameScene.swift in Sources */ = {isa = PBXBuildFile; fileRef = BB93E46D22C588B800FED84A /* GameScene.swift */; };
		BB93E47022C588B800FED84A /* GameViewController.swift in Sources */ = {isa = PBXBuildFile; fileRef = BB93E46F22C588B800FED84A /* GameViewController.swift */; };
		BB93E47322C588B800FED84A /* Main.storyboard in Resources */ = {isa = PBXBuildFile; fileRef = BB93E47122C588B800FED84A /* Main.storyboard */; };
		BB93E47522C588B900FED84A /* Assets.xcassets in Resources */ = {isa = PBXBuildFile; fileRef = BB93E47422C588B900FED84A /* Assets.xcassets */; };
		BB93E47822C588B900FED84A /* LaunchScreen.storyboard in Resources */ = {isa = PBXBuildFile; fileRef = BB93E47622C588B900FED84A /* LaunchScreen.storyboard */; };
		BB93E48322C588B900FED84A /* FlockingSimulationTests.swift in Sources */ = {isa = PBXBuildFile; fileRef = BB93E48222C588B900FED84A /* FlockingSimulationTests.swift */; };
		BB93E48E22C588B900FED84A /* FlockingSimulationUITests.swift in Sources */ = {isa = PBXBuildFile; fileRef = BB93E48D22C588B900FED84A /* FlockingSimulationUITests.swift */; };
/* End PBXBuildFile section */

/* Begin PBXContainerItemProxy section */
		BB93E47F22C588B900FED84A /* PBXContainerItemProxy */ = {
			isa = PBXContainerItemProxy;
			containerPortal = BB93E45C22C588B800FED84A /* Project object */;
			proxyType = 1;
			remoteGlobalIDString = BB93E46322C588B800FED84A;
			remoteInfo = FlockingSimulation;
		};
		BB93E48A22C588B900FED84A /* PBXContainerItemProxy */ = {
			isa = PBXContainerItemProxy;
			containerPortal = BB93E45C22C588B800FED84A /* Project object */;
			proxyType = 1;
			remoteGlobalIDString = BB93E46322C588B800FED84A;
			remoteInfo = FlockingSimulation;
		};
/* End PBXContainerItemProxy section */

/* Begin PBXFileReference section */
		BB93E46422C588B800FED84A /* FlockingSimulation.app */ = {isa = PBXFileReference; explicitFileType = wrapper.application; includeInIndex = 0; path = FlockingSimulation.app; sourceTree = BUILT_PRODUCTS_DIR; };
		BB93E46722C588B800FED84A /* AppDelegate.swift */ = {isa = PBXFileReference; lastKnownFileType = sourcecode.swift; path = AppDelegate.swift; sourceTree = "<group>"; };
		BB93E46922C588B800FED84A /* GameScene.sks */ = {isa = PBXFileReference; lastKnownFileType = file.sks; path = GameScene.sks; sourceTree = "<group>"; };
		BB93E46B22C588B800FED84A /* Actions.sks */ = {isa = PBXFileReference; lastKnownFileType = file.sks; path = Actions.sks; sourceTree = "<group>"; };
		BB93E46D22C588B800FED84A /* GameScene.swift */ = {isa = PBXFileReference; lastKnownFileType = sourcecode.swift; path = GameScene.swift; sourceTree = "<group>"; };
		BB93E46F22C588B800FED84A /* GameViewController.swift */ = {isa = PBXFileReference; lastKnownFileType = sourcecode.swift; path = GameViewController.swift; sourceTree = "<group>"; };
		BB93E47222C588B800FED84A /* Base */ = {isa = PBXFileReference; lastKnownFileType = file.storyboard; name = Base; path = Base.lproj/Main.storyboard; sourceTree = "<group>"; };
		BB93E47422C588B900FED84A /* Assets.xcassets */ = {isa = PBXFileReference; lastKnownFileType = folder.assetcatalog; path = Assets.xcassets; sourceTree = "<group>"; };
		BB93E47722C588B900FED84A /* Base */ = {isa = PBXFileReference; lastKnownFileType = file.storyboard; name = Base; path = Base.lproj/LaunchScreen.storyboard; sourceTree = "<group>"; };
		BB93E47922C588B900FED84A /* Info.plist */ = {isa = PBXFileReference; lastKnownFileType = text.plist.xml; path = Info.plist; sourceTree = "<group>"; };
		BB93E47E22C588B900FED84A /* FlockingSimulationTests.xctest */ = {isa = PBXFileReference; explicitFileType = wrapper.cfbundle; includeInIndex = 0; path = FlockingSimulationTests.xctest; sourceTree = BUILT_PRODUCTS_DIR; };
		BB93E48222C588B900FED84A /* FlockingSimulationTests.swift */ = {isa = PBXFileReference; lastKnownFileType = sourcecode.swift; path = FlockingSimulationTests.swift; sourceTree = "<group>"; };
		BB93E48422C588B900FED84A /* Info.plist */ = {isa = PBXFileReference; lastKnownFileType = text.plist.xml; path = Info.plist; sourceTree = "<group>"; };
		BB93E48922C588B900FED84A /* FlockingSimulationUITests.xctest */ = {isa = PBXFileReference; explicitFileType = wrapper.cfbundle; includeInIndex = 0; path = FlockingSimulationUITests.xctest; sourceTree = BUILT_PRODUCTS_DIR; };
		BB93E48D22C588B900FED84A /* FlockingSimulationUITests.swift */ = {isa = PBXFileReference; lastKnownFileType = sourcecode.swift; path = FlockingSimulationUITests.swift; sourceTree = "<group>"; };
		BB93E48F22C588B900FED84A /* Info.plist */ = {isa = PBXFileReference; lastKnownFileType = text.plist.xml; path = Info.plist; sourceTree = "<group>"; };
/* End PBXFileReference section */

/* Begin PBXFrameworksBuildPhase section */
		BB93E46122C588B800FED84A /* Frameworks */ = {
			isa = PBXFrameworksBuildPhase;
			buildActionMask = 2147483647;
			files = (
			);
			runOnlyForDeploymentPostprocessing = 0;
		};
		BB93E47B22C588B900FED84A /* Frameworks */ = {
			isa = PBXFrameworksBuildPhase;
			buildActionMask = 2147483647;
			files = (
			);
			runOnlyForDeploymentPostprocessing = 0;
		};
		BB93E48622C588B900FED84A /* Frameworks */ = {
			isa = PBXFrameworksBuildPhase;
			buildActionMask = 2147483647;
			files = (
			);
			runOnlyForDeploymentPostprocessing = 0;
		};
/* End PBXFrameworksBuildPhase section */

/* Begin PBXGroup section */
		BB93E45B22C588B800FED84A = {
			isa = PBXGroup;
			children = (
				BB93E46622C588B800FED84A /* FlockingSimulation */,
				BB93E48122C588B900FED84A /* FlockingSimulationTests */,
				BB93E48C22C588B900FED84A /* FlockingSimulationUITests */,
				BB93E46522C588B800FED84A /* Products */,
			);
			sourceTree = "<group>";
		};
		BB93E46522C588B800FED84A /* Products */ = {
			isa = PBXGroup;
			children = (
				BB93E46422C588B800FED84A /* FlockingSimulation.app */,
				BB93E47E22C588B900FED84A /* FlockingSimulationTests.xctest */,
				BB93E48922C588B900FED84A /* FlockingSimulationUITests.xctest */,
			);
			name = Products;
			sourceTree = "<group>";
		};
		BB93E46622C588B800FED84A /* FlockingSimulation */ = {
			isa = PBXGroup;
			children = (
				BB93E46722C588B800FED84A /* AppDelegate.swift */,
				BB93E46922C588B800FED84A /* GameScene.sks */,
				BB93E46B22C588B800FED84A /* Actions.sks */,
				BB93E46D22C588B800FED84A /* GameScene.swift */,
				BB93E46F22C588B800FED84A /* GameViewController.swift */,
				BB93E47122C588B800FED84A /* Main.storyboard */,
				BB93E47422C588B900FED84A /* Assets.xcassets */,
				BB93E47622C588B900FED84A /* LaunchScreen.storyboard */,
				BB93E47922C588B900FED84A /* Info.plist */,
			);
			path = FlockingSimulation;
			sourceTree = "<group>";
		};
		BB93E48122C588B900FED84A /* FlockingSimulationTests */ = {
			isa = PBXGroup;
			children = (
				BB93E48222C588B900FED84A /* FlockingSimulationTests.swift */,
				BB93E48422C588B900FED84A /* Info.plist */,
			);
			path = FlockingSimulationTests;
			sourceTree = "<group>";
		};
		BB93E48C22C588B900FED84A /* FlockingSimulationUITests */ = {
			isa = PBXGroup;
			children = (
				BB93E48D22C588B900FED84A /* FlockingSimulationUITests.swift */,
				BB93E48F22C588B900FED84A /* Info.plist */,
			);
			path = FlockingSimulationUITests;
			sourceTree = "<group>";
		};
/* End PBXGroup section */

/* Begin PBXNativeTarget section */
		BB93E46322C588B800FED84A /* FlockingSimulation */ = {
			isa = PBXNativeTarget;
			buildConfigurationList = BB93E49222C588B900FED84A /* Build configuration list for PBXNativeTarget "FlockingSimulation" */;
			buildPhases = (
				BB93E46022C588B800FED84A /* Sources */,
				BB93E46122C588B800FED84A /* Frameworks */,
				BB93E46222C588B800FED84A /* Resources */,
			);
			buildRules = (
			);
			dependencies = (
			);
			name = FlockingSimulation;
			productName = FlockingSimulation;
			productReference = BB93E46422C588B800FED84A /* FlockingSimulation.app */;
			productType = "com.apple.product-type.application";
		};
		BB93E47D22C588B900FED84A /* FlockingSimulationTests */ = {
			isa = PBXNativeTarget;
			buildConfigurationList = BB93E49522C588B900FED84A /* Build configuration list for PBXNativeTarget "FlockingSimulationTests" */;
			buildPhases = (
				BB93E47A22C588B900FED84A /* Sources */,
				BB93E47B22C588B900FED84A /* Frameworks */,
				BB93E47C22C588B900FED84A /* Resources */,
			);
			buildRules = (
			);
			dependencies = (
				BB93E48022C588B900FED84A /* PBXTargetDependency */,
			);
			name = FlockingSimulationTests;
			productName = FlockingSimulationTests;
			productReference = BB93E47E22C588B900FED84A /* FlockingSimulationTests.xctest */;
			productType = "com.apple.product-type.bundle.unit-test";
		};
		BB93E48822C588B900FED84A /* FlockingSimulationUITests */ = {
			isa = PBXNativeTarget;
			buildConfigurationList = BB93E49822C588B900FED84A /* Build configuration list for PBXNativeTarget "FlockingSimulationUITests" */;
			buildPhases = (
				BB93E48522C588B900FED84A /* Sources */,
				BB93E48622C588B900FED84A /* Frameworks */,
				BB93E48722C588B900FED84A /* Resources */,
			);
			buildRules = (
			);
			dependencies = (
				BB93E48B22C588B900FED84A /* PBXTargetDependency */,
			);
			name = FlockingSimulationUITests;
			productName = FlockingSimulationUITests;
			productReference = BB93E48922C588B900FED84A /* FlockingSimulationUITests.xctest */;
			productType = "com.apple.product-type.bundle.ui-testing";
		};
/* End PBXNativeTarget section */

/* Begin PBXProject section */
		BB93E45C22C588B800FED84A /* Project object */ = {
			isa = PBXProject;
			attributes = {
				LastSwiftUpdateCheck = 1020;
				LastUpgradeCheck = 1020;
				ORGANIZATIONNAME = "Quest Payment Systems";
				TargetAttributes = {
					BB93E46322C588B800FED84A = {
						CreatedOnToolsVersion = 10.2.1;
					};
					BB93E47D22C588B900FED84A = {
						CreatedOnToolsVersion = 10.2.1;
						TestTargetID = BB93E46322C588B800FED84A;
					};
					BB93E48822C588B900FED84A = {
						CreatedOnToolsVersion = 10.2.1;
						TestTargetID = BB93E46322C588B800FED84A;
					};
				};
			};
			buildConfigurationList = BB93E45F22C588B800FED84A /* Build configuration list for PBXProject "FlockingSimulation" */;
			compatibilityVersion = "Xcode 9.3";
			developmentRegion = en;
			hasScannedForEncodings = 0;
			knownRegions = (
				en,
				Base,
			);
			mainGroup = BB93E45B22C588B800FED84A;
			productRefGroup = BB93E46522C588B800FED84A /* Products */;
			projectDirPath = "";
			projectRoot = "";
			targets = (
				BB93E46322C588B800FED84A /* FlockingSimulation */,
				BB93E47D22C588B900FED84A /* FlockingSimulationTests */,
				BB93E48822C588B900FED84A /* FlockingSimulationUITests */,
			);
		};
/* End PBXProject section */

/* Begin PBXResourcesBuildPhase section */
		BB93E46222C588B800FED84A /* Resources */ = {
			isa = PBXResourcesBuildPhase;
			buildActionMask = 2147483647;
			files = (
				BB93E47322C588B800FED84A /* Main.storyboard in Resources */,
				BB93E46A22C588B800FED84A /* GameScene.sks in Resources */,
				BB93E47522C588B900FED84A /* Assets.xcassets in Resources */,
				BB93E47822C588B900FED84A /* LaunchScreen.storyboard in Resources */,
				BB93E46C22C588B800FED84A /* Actions.sks in Resources */,
			);
			runOnlyForDeploymentPostprocessing = 0;
		};
		BB93E47C22C588B900FED84A /* Resources */ = {
			isa = PBXResourcesBuildPhase;
			buildActionMask = 2147483647;
			files = (
			);
			runOnlyForDeploymentPostprocessing = 0;
		};
		BB93E48722C588B900FED84A /* Resources */ = {
			isa = PBXResourcesBuildPhase;
			buildActionMask = 2147483647;
			files = (
			);
			runOnlyForDeploymentPostprocessing = 0;
		};
/* End PBXResourcesBuildPhase section */

/* Begin PBXSourcesBuildPhase section */
		BB93E46022C588B800FED84A /* Sources */ = {
			isa = PBXSourcesBuildPhase;
			buildActionMask = 2147483647;
			files = (
				BB93E46E22C588B800FED84A /* GameScene.swift in Sources */,
				BB93E47022C588B800FED84A /* GameViewController.swift in Sources */,
				BB93E46822C588B800FED84A /* AppDelegate.swift in Sources */,
			);
			runOnlyForDeploymentPostprocessing = 0;
		};
		BB93E47A22C588B900FED84A /* Sources */ = {
			isa = PBXSourcesBuildPhase;
			buildActionMask = 2147483647;
			files = (
				BB93E48322C588B900FED84A /* FlockingSimulationTests.swift in Sources */,
			);
			runOnlyForDeploymentPostprocessing = 0;
		};
		BB93E48522C588B900FED84A /* Sources */ = {
			isa = PBXSourcesBuildPhase;
			buildActionMask = 2147483647;
			files = (
				BB93E48E22C588B900FED84A /* FlockingSimulationUITests.swift in Sources */,
			);
			runOnlyForDeploymentPostprocessing = 0;
		};
/* End PBXSourcesBuildPhase section */

/* Begin PBXTargetDependency section */
		BB93E48022C588B900FED84A /* PBXTargetDependency */ = {
			isa = PBXTargetDependency;
			target = BB93E46322C588B800FED84A /* FlockingSimulation */;
			targetProxy = BB93E47F22C588B900FED84A /* PBXContainerItemProxy */;
		};
		BB93E48B22C588B900FED84A /* PBXTargetDependency */ = {
			isa = PBXTargetDependency;
			target = BB93E46322C588B800FED84A /* FlockingSimulation */;
			targetProxy = BB93E48A22C588B900FED84A /* PBXContainerItemProxy */;
		};
/* End PBXTargetDependency section */

/* Begin PBXVariantGroup section */
		BB93E47122C588B800FED84A /* Main.storyboard */ = {
			isa = PBXVariantGroup;
			children = (
				BB93E47222C588B800FED84A /* Base */,
			);
			name = Main.storyboard;
			sourceTree = "<group>";
		};
		BB93E47622C588B900FED84A /* LaunchScreen.storyboard */ = {
			isa = PBXVariantGroup;
			children = (
				BB93E47722C588B900FED84A /* Base */,
			);
			name = LaunchScreen.storyboard;
			sourceTree = "<group>";
		};
/* End PBXVariantGroup section */

/* Begin XCBuildConfiguration section */
		BB93E49022C588B900FED84A /* Debug */ = {
			isa = XCBuildConfiguration;
			buildSettings = {
				ALWAYS_SEARCH_USER_PATHS = NO;
				CLANG_ANALYZER_NONNULL = YES;
				CLANG_ANALYZER_NUMBER_OBJECT_CONVERSION = YES_AGGRESSIVE;
				CLANG_CXX_LANGUAGE_STANDARD = "gnu++14";
				CLANG_CXX_LIBRARY = "libc++";
				CLANG_ENABLE_MODULES = YES;
				CLANG_ENABLE_OBJC_ARC = YES;
				CLANG_ENABLE_OBJC_WEAK = YES;
				CLANG_WARN_BLOCK_CAPTURE_AUTORELEASING = YES;
				CLANG_WARN_BOOL_CONVERSION = YES;
				CLANG_WARN_COMMA = YES;
				CLANG_WARN_CONSTANT_CONVERSION = YES;
				CLANG_WARN_DEPRECATED_OBJC_IMPLEMENTATIONS = YES;
				CLANG_WARN_DIRECT_OBJC_ISA_USAGE = YES_ERROR;
				CLANG_WARN_DOCUMENTATION_COMMENTS = YES;
				CLANG_WARN_EMPTY_BODY = YES;
				CLANG_WARN_ENUM_CONVERSION = YES;
				CLANG_WARN_INFINITE_RECURSION = YES;
				CLANG_WARN_INT_CONVERSION = YES;
				CLANG_WARN_NON_LITERAL_NULL_CONVERSION = YES;
				CLANG_WARN_OBJC_IMPLICIT_RETAIN_SELF = YES;
				CLANG_WARN_OBJC_LITERAL_CONVERSION = YES;
				CLANG_WARN_OBJC_ROOT_CLASS = YES_ERROR;
				CLANG_WARN_RANGE_LOOP_ANALYSIS = YES;
				CLANG_WARN_STRICT_PROTOTYPES = YES;
				CLANG_WARN_SUSPICIOUS_MOVE = YES;
				CLANG_WARN_UNGUARDED_AVAILABILITY = YES_AGGRESSIVE;
				CLANG_WARN_UNREACHABLE_CODE = YES;
				CLANG_WARN__DUPLICATE_METHOD_MATCH = YES;
				CODE_SIGN_IDENTITY = "iPhone Developer";
				COPY_PHASE_STRIP = NO;
				DEBUG_INFORMATION_FORMAT = dwarf;
				ENABLE_STRICT_OBJC_MSGSEND = YES;
				ENABLE_TESTABILITY = YES;
				GCC_C_LANGUAGE_STANDARD = gnu11;
				GCC_DYNAMIC_NO_PIC = NO;
				GCC_NO_COMMON_BLOCKS = YES;
				GCC_OPTIMIZATION_LEVEL = 0;
				GCC_PREPROCESSOR_DEFINITIONS = (
					"DEBUG=1",
					"$(inherited)",
				);
				GCC_WARN_64_TO_32_BIT_CONVERSION = YES;
				GCC_WARN_ABOUT_RETURN_TYPE = YES_ERROR;
				GCC_WARN_UNDECLARED_SELECTOR = YES;
				GCC_WARN_UNINITIALIZED_AUTOS = YES_AGGRESSIVE;
				GCC_WARN_UNUSED_FUNCTION = YES;
				GCC_WARN_UNUSED_VARIABLE = YES;
				IPHONEOS_DEPLOYMENT_TARGET = 12.2;
				MTL_ENABLE_DEBUG_INFO = INCLUDE_SOURCE;
				MTL_FAST_MATH = YES;
				ONLY_ACTIVE_ARCH = YES;
				SDKROOT = iphoneos;
				SWIFT_ACTIVE_COMPILATION_CONDITIONS = DEBUG;
				SWIFT_OPTIMIZATION_LEVEL = "-Onone";
			};
			name = Debug;
		};
		BB93E49122C588B900FED84A /* Release */ = {
			isa = XCBuildConfiguration;
			buildSettings = {
				ALWAYS_SEARCH_USER_PATHS = NO;
				CLANG_ANALYZER_NONNULL = YES;
				CLANG_ANALYZER_NUMBER_OBJECT_CONVERSION = YES_AGGRESSIVE;
				CLANG_CXX_LANGUAGE_STANDARD = "gnu++14";
				CLANG_CXX_LIBRARY = "libc++";
				CLANG_ENABLE_MODULES = YES;
				CLANG_ENABLE_OBJC_ARC = YES;
				CLANG_ENABLE_OBJC_WEAK = YES;
				CLANG_WARN_BLOCK_CAPTURE_AUTORELEASING = YES;
				CLANG_WARN_BOOL_CONVERSION = YES;
				CLANG_WARN_COMMA = YES;
				CLANG_WARN_CONSTANT_CONVERSION = YES;
				CLANG_WARN_DEPRECATED_OBJC_IMPLEMENTATIONS = YES;
				CLANG_WARN_DIRECT_OBJC_ISA_USAGE = YES_ERROR;
				CLANG_WARN_DOCUMENTATION_COMMENTS = YES;
				CLANG_WARN_EMPTY_BODY = YES;
				CLANG_WARN_ENUM_CONVERSION = YES;
				CLANG_WARN_INFINITE_RECURSION = YES;
				CLANG_WARN_INT_CONVERSION = YES;
				CLANG_WARN_NON_LITERAL_NULL_CONVERSION = YES;
				CLANG_WARN_OBJC_IMPLICIT_RETAIN_SELF = YES;
				CLANG_WARN_OBJC_LITERAL_CONVERSION = YES;
				CLANG_WARN_OBJC_ROOT_CLASS = YES_ERROR;
				CLANG_WARN_RANGE_LOOP_ANALYSIS = YES;
				CLANG_WARN_STRICT_PROTOTYPES = YES;
				CLANG_WARN_SUSPICIOUS_MOVE = YES;
				CLANG_WARN_UNGUARDED_AVAILABILITY = YES_AGGRESSIVE;
				CLANG_WARN_UNREACHABLE_CODE = YES;
				CLANG_WARN__DUPLICATE_METHOD_MATCH = YES;
				CODE_SIGN_IDENTITY = "iPhone Developer";
				COPY_PHASE_STRIP = NO;
				DEBUG_INFORMATION_FORMAT = "dwarf-with-dsym";
				ENABLE_NS_ASSERTIONS = NO;
				ENABLE_STRICT_OBJC_MSGSEND = YES;
				GCC_C_LANGUAGE_STANDARD = gnu11;
				GCC_NO_COMMON_BLOCKS = YES;
				GCC_WARN_64_TO_32_BIT_CONVERSION = YES;
				GCC_WARN_ABOUT_RETURN_TYPE = YES_ERROR;
				GCC_WARN_UNDECLARED_SELECTOR = YES;
				GCC_WARN_UNINITIALIZED_AUTOS = YES_AGGRESSIVE;
				GCC_WARN_UNUSED_FUNCTION = YES;
				GCC_WARN_UNUSED_VARIABLE = YES;
				IPHONEOS_DEPLOYMENT_TARGET = 12.2;
				MTL_ENABLE_DEBUG_INFO = NO;
				MTL_FAST_MATH = YES;
				SDKROOT = iphoneos;
				SWIFT_COMPILATION_MODE = wholemodule;
				SWIFT_OPTIMIZATION_LEVEL = "-O";
				VALIDATE_PRODUCT = YES;
			};
			name = Release;
		};
		BB93E49322C588B900FED84A /* Debug */ = {
			isa = XCBuildConfiguration;
			buildSettings = {
				ASSETCATALOG_COMPILER_APPICON_NAME = AppIcon;
				CODE_SIGN_STYLE = Automatic;
				DEVELOPMENT_TEAM = 6DT887PHPH;
				INFOPLIST_FILE = FlockingSimulation/Info.plist;
				IPHONEOS_DEPLOYMENT_TARGET = 9.0;
				LD_RUNPATH_SEARCH_PATHS = (
					"$(inherited)",
					"@executable_path/Frameworks",
				);
				PRODUCT_BUNDLE_IDENTIFIER = au.com.questps.FlockingSimulation;
				PRODUCT_NAME = "$(TARGET_NAME)";
				SWIFT_VERSION = 5.0;
				TARGETED_DEVICE_FAMILY = "1,2";
			};
			name = Debug;
		};
		BB93E49422C588B900FED84A /* Release */ = {
			isa = XCBuildConfiguration;
			buildSettings = {
				ASSETCATALOG_COMPILER_APPICON_NAME = AppIcon;
				CODE_SIGN_STYLE = Automatic;
				DEVELOPMENT_TEAM = 6DT887PHPH;
				INFOPLIST_FILE = FlockingSimulation/Info.plist;
				IPHONEOS_DEPLOYMENT_TARGET = 9.0;
				LD_RUNPATH_SEARCH_PATHS = (
					"$(inherited)",
					"@executable_path/Frameworks",
				);
				PRODUCT_BUNDLE_IDENTIFIER = au.com.questps.FlockingSimulation;
				PRODUCT_NAME = "$(TARGET_NAME)";
				SWIFT_VERSION = 5.0;
				TARGETED_DEVICE_FAMILY = "1,2";
			};
			name = Release;
		};
		BB93E49622C588B900FED84A /* Debug */ = {
			isa = XCBuildConfiguration;
			buildSettings = {
				ALWAYS_EMBED_SWIFT_STANDARD_LIBRARIES = YES;
				BUNDLE_LOADER = "$(TEST_HOST)";
				CODE_SIGN_STYLE = Automatic;
				DEVELOPMENT_TEAM = 6DT887PHPH;
				INFOPLIST_FILE = FlockingSimulationTests/Info.plist;
				LD_RUNPATH_SEARCH_PATHS = (
					"$(inherited)",
					"@executable_path/Frameworks",
					"@loader_path/Frameworks",
				);
				PRODUCT_BUNDLE_IDENTIFIER = au.com.questps.FlockingSimulationTests;
				PRODUCT_NAME = "$(TARGET_NAME)";
				SWIFT_VERSION = 5.0;
				TARGETED_DEVICE_FAMILY = "1,2";
				TEST_HOST = "$(BUILT_PRODUCTS_DIR)/FlockingSimulation.app/FlockingSimulation";
			};
			name = Debug;
		};
		BB93E49722C588B900FED84A /* Release */ = {
			isa = XCBuildConfiguration;
			buildSettings = {
				ALWAYS_EMBED_SWIFT_STANDARD_LIBRARIES = YES;
				BUNDLE_LOADER = "$(TEST_HOST)";
				CODE_SIGN_STYLE = Automatic;
				DEVELOPMENT_TEAM = 6DT887PHPH;
				INFOPLIST_FILE = FlockingSimulationTests/Info.plist;
				LD_RUNPATH_SEARCH_PATHS = (
					"$(inherited)",
					"@executable_path/Frameworks",
					"@loader_path/Frameworks",
				);
				PRODUCT_BUNDLE_IDENTIFIER = au.com.questps.FlockingSimulationTests;
				PRODUCT_NAME = "$(TARGET_NAME)";
				SWIFT_VERSION = 5.0;
				TARGETED_DEVICE_FAMILY = "1,2";
				TEST_HOST = "$(BUILT_PRODUCTS_DIR)/FlockingSimulation.app/FlockingSimulation";
			};
			name = Release;
		};
		BB93E49922C588B900FED84A /* Debug */ = {
			isa = XCBuildConfiguration;
			buildSettings = {
				ALWAYS_EMBED_SWIFT_STANDARD_LIBRARIES = YES;
				CODE_SIGN_STYLE = Automatic;
				DEVELOPMENT_TEAM = 6DT887PHPH;
				INFOPLIST_FILE = FlockingSimulationUITests/Info.plist;
				LD_RUNPATH_SEARCH_PATHS = (
					"$(inherited)",
					"@executable_path/Frameworks",
					"@loader_path/Frameworks",
				);
				PRODUCT_BUNDLE_IDENTIFIER = au.com.questps.FlockingSimulationUITests;
				PRODUCT_NAME = "$(TARGET_NAME)";
				SWIFT_VERSION = 5.0;
				TARGETED_DEVICE_FAMILY = "1,2";
				TEST_TARGET_NAME = FlockingSimulation;
			};
			name = Debug;
		};
		BB93E49A22C588B900FED84A /* Release */ = {
			isa = XCBuildConfiguration;
			buildSettings = {
				ALWAYS_EMBED_SWIFT_STANDARD_LIBRARIES = YES;
				CODE_SIGN_STYLE = Automatic;
				DEVELOPMENT_TEAM = 6DT887PHPH;
				INFOPLIST_FILE = FlockingSimulationUITests/Info.plist;
				LD_RUNPATH_SEARCH_PATHS = (
					"$(inherited)",
					"@executable_path/Frameworks",
					"@loader_path/Frameworks",
				);
				PRODUCT_BUNDLE_IDENTIFIER = au.com.questps.FlockingSimulationUITests;
				PRODUCT_NAME = "$(TARGET_NAME)";
				SWIFT_VERSION = 5.0;
				TARGETED_DEVICE_FAMILY = "1,2";
				TEST_TARGET_NAME = FlockingSimulation;
			};
			name = Release;
		};
/* End XCBuildConfiguration section */

/* Begin XCConfigurationList section */
		BB93E45F22C588B800FED84A /* Build configuration list for PBXProject "FlockingSimulation" */ = {
			isa = XCConfigurationList;
			buildConfigurations = (
				BB93E49022C588B900FED84A /* Debug */,
				BB93E49122C588B900FED84A /* Release */,
			);
			defaultConfigurationIsVisible = 0;
			defaultConfigurationName = Release;
		};
		BB93E49222C588B900FED84A /* Build configuration list for PBXNativeTarget "FlockingSimulation" */ = {
			isa = XCConfigurationList;
			buildConfigurations = (
				BB93E49322C588B900FED84A /* Debug */,
				BB93E49422C588B900FED84A /* Release */,
			);
			defaultConfigurationIsVisible = 0;
			defaultConfigurationName = Release;
		};
		BB93E49522C588B900FED84A /* Build configuration list for PBXNativeTarget "FlockingSimulationTests" */ = {
			isa = XCConfigurationList;
			buildConfigurations = (
				BB93E49622C588B900FED84A /* Debug */,
				BB93E49722C588B900FED84A /* Release */,
			);
			defaultConfigurationIsVisible = 0;
			defaultConfigurationName = Release;
		};
		BB93E49822C588B900FED84A /* Build configuration list for PBXNativeTarget "FlockingSimulationUITests" */ = {
			isa = XCConfigurationList;
			buildConfigurations = (
				BB93E49922C588B900FED84A /* Debug */,
				BB93E49A22C588B900FED84A /* Release */,
			);
			defaultConfigurationIsVisible = 0;
			defaultConfigurationName = Release;
		};
/* End XCConfigurationList section */
	};
	rootObject = BB93E45C22C588B800FED84A /* Project object */;
}
